{
  "name": "wookporium-ecommerce",
  "lockfileVersion": 3,
  "requires": true,
  "packages": {
    "": {
      "dependencies": {
        "react-scroll-parallax": "^3.5.0"
      }
    },
    "node_modules/bezier-easing": {
      "version": "2.1.0",
      "resolved": "https://registry.npmjs.org/bezier-easing/-/bezier-easing-2.1.0.tgz",
      "integrity": "sha512-gbIqZ/eslnUFC1tjEvtz0sgx+xTK20wDnYMIA27VA04R7w6xxXQPZDbibjA9DTWZRA2CXtwHykkVzlCaAJAZig==",
      "license": "MIT"
    },
    "node_modules/parallax-controller": {
      "version": "1.7.1",
      "resolved": "https://registry.npmjs.org/parallax-controller/-/parallax-controller-1.7.1.tgz",
      "integrity": "sha512-facVMEBnUynzMN7hCSqyNpF6uyCpVIl4XAUyTR9D8q2JlhgyPY6bZtj/OkFk3+Cpka1TnYCppQb8BzDWHtSaZg==",
      "license": "MIT",
      "dependencies": {
        "bezier-easing": "^2.1.0"
      },
      "engines": {
        "node": ">=12"
      }
    },
    "node_modules/react": {
      "version": "19.2.3",
      "resolved": "https://registry.npmjs.org/react/-/react-19.2.3.tgz",
      "integrity": "sha512-Ku/hhYbVjOQnXDZFv2+RibmLFGwFdeeKHFcOTlrt7xplBnya5OGn/hIRDsqDiSUcfORsDC7MPxwork8jBwsIWA==",
      "license": "MIT",
      "peer": true,
      "engines": {
        "node": ">=0.10.0"
      }
    },
    "node_modules/react-dom": {
      "version": "19.2.3",
      "resolved": "https://registry.npmjs.org/react-dom/-/react-dom-19.2.3.tgz",
      "integrity": "sha512-yELu4WmLPw5Mr/lmeEpox5rw3RETacE++JgHqQzd2dg+YbJuat3jH4ingc+WPZhxaoFzdv9y33G+F7Nl5O0GBg==",
      "license": "MIT",
      "peer": true,
      "dependencies": {
        "scheduler": "^0.27.0"
      },
      "peerDependencies": {
        "react": "^19.2.3"
      }
    },
    "node_modules/react-scroll-parallax": {
      "version": "3.5.0",
      "resolved": "https://registry.npmjs.org/react-scroll-parallax/-/react-scroll-parallax-3.5.0.tgz",
      "integrity": "sha512-cUyBTFfTMA/4jweZB4j06LQnUQdZlGgVKX2hmZ5a/BuHZsnp85MEo6ygD2otCQH734VJ9xXPVZ3WfiAiF2TesQ==",
      "license": "MIT",
      "dependencies": {
        "parallax-controller": "^1.7.1"
      },
      "engines": {
        "node": ">=10"
      },
      "peerDependencies": {
        "react": "^16.8.0-0 || >=17.0.1 || ^18.0.0 || ^19.0.0",
        "react-dom": "^16.8.0-0 || >=17.0.1 || ^18.0.0 || ^19.0.0"
      }
    },
    "node_modules/scheduler": {
      "version": "0.27.0",
      "resolved": "https://registry.npmjs.org/scheduler/-/scheduler-0.27.0.tgz",
      "integrity": "sha512-eNv+WrVbKu1f3vbYJT/xtiF5syA5HPIMtf9IgY/nKg0sWqzAUEvqY/xm7OcZc/qafLx/iO9FgOmeSAp4v5ti/Q==",
      "license": "MIT",
      "peer": true
    }
  }
}
